{
  "version": 4,
  "terraform_version": "1.7.5",
  "serial": 9,
  "lineage": "85c70aa3-b8bf-6d2c-6a4a-77df91703e66",
  "outputs": {},
  "resources": [
    {
      "mode": "data",
      "type": "aws_iam_policy_document",
      "name": "assume_role",
      "provider": "provider[\"registry.terraform.io/hashicorp/aws\"]",
      "instances": [
        {
          "schema_version": 0,
          "attributes": {
            "id": "742302374",
            "json": "{\n  \"Version\": \"2012-10-17\",\n  \"Statement\": [\n    {\n      \"Effect\": \"Allow\",\n      \"Action\": \"sts:AssumeRole\",\n      \"Principal\": {\n        \"Service\": \"eks.amazonaws.com\"\n      }\n    }\n  ]\n}",
            "minified_json": "{\"Version\":\"2012-10-17\",\"Statement\":[{\"Effect\":\"Allow\",\"Action\":\"sts:AssumeRole\",\"Principal\":{\"Service\":\"eks.amazonaws.com\"}}]}",
            "override_json": null,
            "override_policy_documents": null,
            "policy_id": null,
            "source_json": null,
            "source_policy_documents": null,
            "statement": [
              {
                "actions": [
                  "sts:AssumeRole"
                ],
                "condition": [],
                "effect": "Allow",
                "not_actions": [],
                "not_principals": [],
                "not_resources": [],
                "principals": [
                  {
                    "identifiers": [
                      "eks.amazonaws.com"
                    ],
                    "type": "Service"
                  }
                ],
                "resources": [],
                "sid": ""
              }
            ],
            "version": "2012-10-17"
          },
          "sensitive_attributes": []
        }
      ]
    },
    {
      "mode": "data",
      "type": "aws_subnets",
      "name": "public",
      "provider": "provider[\"registry.terraform.io/hashicorp/aws\"]",
      "instances": [
        {
          "schema_version": 0,
          "attributes": {
            "filter": [
              {
                "name": "vpc-id",
                "values": [
                  "vpc-09793dc3e44ef3cab"
                ]
              }
            ],
            "id": "ap-south-1",
            "ids": [
              "subnet-0f09eef7b22113ebb",
              "subnet-07f07f836910e2d28",
              "subnet-011b5110b5717496f"
            ],
            "tags": null,
            "timeouts": null
          },
          "sensitive_attributes": []
        }
      ]
    },
    {
      "mode": "data",
      "type": "aws_vpc",
      "name": "default",
      "provider": "provider[\"registry.terraform.io/hashicorp/aws\"]",
      "instances": [
        {
          "schema_version": 0,
          "attributes": {
            "arn": "arn:aws:ec2:ap-south-1:851725307442:vpc/vpc-09793dc3e44ef3cab",
            "cidr_block": "172.31.0.0/16",
            "cidr_block_associations": [
              {
                "association_id": "vpc-cidr-assoc-01174fa136fab82aa",
                "cidr_block": "172.31.0.0/16",
                "state": "associated"
              }
            ],
            "default": true,
            "dhcp_options_id": "dopt-007d7bff534cd7397",
            "enable_dns_hostnames": true,
            "enable_dns_support": true,
            "enable_network_address_usage_metrics": false,
            "filter": null,
            "id": "vpc-09793dc3e44ef3cab",
            "instance_tenancy": "default",
            "ipv6_association_id": "",
            "ipv6_cidr_block": "",
            "main_route_table_id": "rtb-0d6d806943a4d914d",
            "owner_id": "851725307442",
            "state": null,
            "tags": {},
            "timeouts": null
          },
          "sensitive_attributes": []
        }
      ]
    },
    {
      "mode": "managed",
      "type": "aws_eks_cluster",
      "name": "example",
      "provider": "provider[\"registry.terraform.io/hashicorp/aws\"]",
      "instances": [
        {
          "schema_version": 0,
          "attributes": {
            "access_config": [
              {
                "authentication_mode": "CONFIG_MAP",
                "bootstrap_cluster_creator_admin_permissions": false
              }
            ],
            "arn": "arn:aws:eks:ap-south-1:851725307442:cluster/EKS_CLOUD",
            "certificate_authority": [
              {
                "data": "LS0tLS1CRUdJTiBDRVJUSUZJQ0FURS0tLS0tCk1JSURCVENDQWUyZ0F3SUJBZ0lJR1RkOWdORXlwajh3RFFZSktvWklodmNOQVFFTEJRQXdGVEVUTUJFR0ExVUUKQXhNS2EzVmlaWEp1WlhSbGN6QWVGdzB5TkRBMU16QXhNekk1TkRWYUZ3MHpOREExTWpneE16TTBORFZhTUJVeApFekFSQmdOVkJBTVRDbXQxWW1WeWJtVjBaWE13Z2dFaU1BMEdDU3FHU0liM0RRRUJBUVVBQTRJQkR3QXdnZ0VLCkFvSUJBUURTZGloSTVHOWs2SEp3aEJ5Qlp2Tjl1ME44Q2N0KyszbkszT0t6K3pXd25oNzVoek9HdWttd2RlYnUKNmt0dkx0UU1jSjdzdzhITWx5RENnMDBVQnpPWGNCaHVtK0syRXJWaG5oRW90aEdQdjkyeUx4MkUrYWJxT01ZQwpCb2ZtTzEvZnFRc0N5bjF4bmlSTk0wdmx6eG85UVNNdm91OEdSclNVZ3k1RE1JUXRsMEtRUjgrMnlkdm8vVjlJCjF1T0JxSHkyTCszWThoZGF0dERlZ1VzZkgrakYrZlB4Q3EvY3hnVkRpdFJ2T1dEbEw5VDZWQkhMa2lacHB2WjQKMFRnVjgwMG9nRjRDNkQ2TnRETUlaZVZBbFJ6aXp2RjFTWCt3a3FVUS9GaEwvbXg5SGhNbTk2RXpqRmt4M0djcgpYcVJYc2pSYmRCcXgrcjlUS2FDbDd2Rlg2aW1OQWdNQkFBR2pXVEJYTUE0R0ExVWREd0VCL3dRRUF3SUNwREFQCkJnTlZIUk1CQWY4RUJUQURBUUgvTUIwR0ExVWREZ1FXQkJSYmtlbDA4TE1hY291dHoxVXJxbXEzVjNFTE9qQVYKQmdOVkhSRUVEakFNZ2dwcmRXSmxjbTVsZEdWek1BMEdDU3FHU0liM0RRRUJDd1VBQTRJQkFRQ1lYTTgrZWx2KwpvMHRkOGNGOW5ocUtmOWxIRjFGSGVwY2hDRXhDdnNobXFjck1ITkY3LzNQZ1NvNlFuQS9Lc3RaVlJLK3lZeWJLClNxakxocGZDdkNsUWZzcnh1YWxLcnNWSThrQkpOVlZNTzQ4UlhrZEc2Q3VqeTQ4Rjd0KzlZUDVsZlBLY0RWQkEKR1F6M1VhbmZGcjI1TE5SSS9waXFKQ3p1OUVBZHpBRkNWMURaeXhpYVpkR1VkU3AyZG1teG1keVM2dEFrM2N0NgpicEFnZFBZN3U2T0VBVStGbW5YVlVncHNENUdHZTJaYXlMWHVXWTBHOXBmcVZHRThiMU9tQ3MwWDNnYzJteWFuCmx4MHhNemxTaThpbDZ4MVpWQjZMWnVGdkNGbGczd0o5L2RMVWxwM3JydGZwWk1MbEwrUE9rYjBDb01XSm5KYm0KQmlTcjRUWWN3bVBkCi0tLS0tRU5EIENFUlRJRklDQVRFLS0tLS0K"
              }
            ],
            "cluster_id": null,
            "created_at": "2024-05-30 13:30:28.566 +0000 UTC",
            "enabled_cluster_log_types": null,
            "encryption_config": [],
            "endpoint": "https://FE30EFA15B7DB820D77C2D1A704CFA6E.gr7.ap-south-1.eks.amazonaws.com",
            "id": "EKS_CLOUD",
            "identity": [
              {
                "oidc": [
                  {
                    "issuer": "https://oidc.eks.ap-south-1.amazonaws.com/id/FE30EFA15B7DB820D77C2D1A704CFA6E"
                  }
                ]
              }
            ],
            "kubernetes_network_config": [
              {
                "ip_family": "ipv4",
                "service_ipv4_cidr": "10.100.0.0/16",
                "service_ipv6_cidr": ""
              }
            ],
            "name": "EKS_CLOUD",
            "outpost_config": [],
            "platform_version": "eks.7",
            "role_arn": "arn:aws:iam::851725307442:role/eks-cluster-cloud",
            "status": "ACTIVE",
            "tags": null,
            "tags_all": {},
            "timeouts": null,
            "version": "1.29",
            "vpc_config": [
              {
                "cluster_security_group_id": "sg-0b38193b33bc1d34f",
                "endpoint_private_access": false,
                "endpoint_public_access": true,
                "public_access_cidrs": [
                  "0.0.0.0/0"
                ],
                "security_group_ids": null,
                "subnet_ids": [
                  "subnet-011b5110b5717496f",
                  "subnet-07f07f836910e2d28",
                  "subnet-0f09eef7b22113ebb"
                ],
                "vpc_id": "vpc-09793dc3e44ef3cab"
              }
            ]
          },
          "sensitive_attributes": [],
          "private": "eyJlMmJmYjczMC1lY2FhLTExZTYtOGY4OC0zNDM2M2JjN2M0YzAiOnsiY3JlYXRlIjoxODAwMDAwMDAwMDAwLCJkZWxldGUiOjkwMDAwMDAwMDAwMCwidXBkYXRlIjozNjAwMDAwMDAwMDAwfX0=",
          "dependencies": [
            "aws_iam_role.example",
            "aws_iam_role_policy_attachment.example-AmazonEKSClusterPolicy",
            "data.aws_iam_policy_document.assume_role",
            "data.aws_subnets.public",
            "data.aws_vpc.default"
          ]
        }
      ]
    },
    {
      "mode": "managed",
      "type": "aws_eks_node_group",
      "name": "example",
      "provider": "provider[\"registry.terraform.io/hashicorp/aws\"]",
      "instances": [
        {
          "schema_version": 0,
          "attributes": {
            "ami_type": "AL2_x86_64",
            "arn": "arn:aws:eks:ap-south-1:851725307442:nodegroup/EKS_CLOUD/Node-cloud/c2c7e4dc-42d5-4365-c4cf-b63903cb9d3e",
            "capacity_type": "ON_DEMAND",
            "cluster_name": "EKS_CLOUD",
            "disk_size": 20,
            "force_update_version": null,
            "id": "EKS_CLOUD:Node-cloud",
            "instance_types": [
              "t2.micro"
            ],
            "labels": null,
            "launch_template": [],
            "node_group_name": "Node-cloud",
            "node_group_name_prefix": "",
            "node_role_arn": "arn:aws:iam::851725307442:role/eks-node-group-cloud",
            "release_version": "1.29.3-20240522",
            "remote_access": [],
            "resources": [
              {
                "autoscaling_groups": [
                  {
                    "name": "eks-Node-cloud-c2c7e4dc-42d5-4365-c4cf-b63903cb9d3e"
                  }
                ],
                "remote_access_security_group_id": ""
              }
            ],
            "scaling_config": [
              {
                "desired_size": 1,
                "max_size": 2,
                "min_size": 1
              }
            ],
            "status": "ACTIVE",
            "subnet_ids": [
              "subnet-011b5110b5717496f",
              "subnet-07f07f836910e2d28",
              "subnet-0f09eef7b22113ebb"
            ],
            "tags": null,
            "tags_all": {},
            "taint": [],
            "timeouts": null,
            "update_config": [
              {
                "max_unavailable": 1,
                "max_unavailable_percentage": 0
              }
            ],
            "version": "1.29"
          },
          "sensitive_attributes": [],
          "private": "eyJlMmJmYjczMC1lY2FhLTExZTYtOGY4OC0zNDM2M2JjN2M0YzAiOnsiY3JlYXRlIjozNjAwMDAwMDAwMDAwLCJkZWxldGUiOjM2MDAwMDAwMDAwMDAsInVwZGF0ZSI6MzYwMDAwMDAwMDAwMH19",
          "dependencies": [
            "aws_eks_cluster.example",
            "aws_iam_role.example",
            "aws_iam_role.example1",
            "aws_iam_role_policy_attachment.example-AmazonEC2ContainerRegistryReadOnly",
            "aws_iam_role_policy_attachment.example-AmazonEKSClusterPolicy",
            "aws_iam_role_policy_attachment.example-AmazonEKSWorkerNodePolicy",
            "aws_iam_role_policy_attachment.example-AmazonEKS_CNI_Policy",
            "data.aws_iam_policy_document.assume_role",
            "data.aws_subnets.public",
            "data.aws_vpc.default"
          ]
        }
      ]
    },
    {
      "mode": "managed",
      "type": "aws_iam_role",
      "name": "example",
      "provider": "provider[\"registry.terraform.io/hashicorp/aws\"]",
      "instances": [
        {
          "schema_version": 0,
          "attributes": {
            "arn": "arn:aws:iam::851725307442:role/eks-cluster-cloud",
            "assume_role_policy": "{\"Statement\":[{\"Action\":\"sts:AssumeRole\",\"Effect\":\"Allow\",\"Principal\":{\"Service\":\"eks.amazonaws.com\"}}],\"Version\":\"2012-10-17\"}",
            "create_date": "2024-05-30T13:30:23Z",
            "description": "",
            "force_detach_policies": false,
            "id": "eks-cluster-cloud",
            "inline_policy": [],
            "managed_policy_arns": [],
            "max_session_duration": 3600,
            "name": "eks-cluster-cloud",
            "name_prefix": "",
            "path": "/",
            "permissions_boundary": "",
            "tags": null,
            "tags_all": {},
            "unique_id": "AROA4MTWIZYZHFGQVE5PD"
          },
          "sensitive_attributes": [],
          "private": "bnVsbA==",
          "dependencies": [
            "data.aws_iam_policy_document.assume_role"
          ]
        }
      ]
    },
    {
      "mode": "managed",
      "type": "aws_iam_role",
      "name": "example1",
      "provider": "provider[\"registry.terraform.io/hashicorp/aws\"]",
      "instances": [
        {
          "schema_version": 0,
          "attributes": {
            "arn": "arn:aws:iam::851725307442:role/eks-node-group-cloud",
            "assume_role_policy": "{\"Statement\":[{\"Action\":\"sts:AssumeRole\",\"Effect\":\"Allow\",\"Principal\":{\"Service\":\"ec2.amazonaws.com\"}}],\"Version\":\"2012-10-17\"}",
            "create_date": "2024-05-30T13:30:23Z",
            "description": "",
            "force_detach_policies": false,
            "id": "eks-node-group-cloud",
            "inline_policy": [],
            "managed_policy_arns": [],
            "max_session_duration": 3600,
            "name": "eks-node-group-cloud",
            "name_prefix": "",
            "path": "/",
            "permissions_boundary": "",
            "tags": null,
            "tags_all": {},
            "unique_id": "AROA4MTWIZYZBHNNWTM6Q"
          },
          "sensitive_attributes": [],
          "private": "bnVsbA=="
        }
      ]
    },
    {
      "mode": "managed",
      "type": "aws_iam_role_policy_attachment",
      "name": "example-AmazonEC2ContainerRegistryReadOnly",
      "provider": "provider[\"registry.terraform.io/hashicorp/aws\"]",
      "instances": [
        {
          "schema_version": 0,
          "attributes": {
            "id": "eks-node-group-cloud-20240530133021259800000003",
            "policy_arn": "arn:aws:iam::aws:policy/AmazonEC2ContainerRegistryReadOnly",
            "role": "eks-node-group-cloud"
          },
          "sensitive_attributes": [],
          "private": "bnVsbA==",
          "dependencies": [
            "aws_iam_role.example1"
          ]
        }
      ]
    },
    {
      "mode": "managed",
      "type": "aws_iam_role_policy_attachment",
      "name": "example-AmazonEKSClusterPolicy",
      "provider": "provider[\"registry.terraform.io/hashicorp/aws\"]",
      "instances": [
        {
          "schema_version": 0,
          "attributes": {
            "id": "eks-cluster-cloud-20240530133020877500000001",
            "policy_arn": "arn:aws:iam::aws:policy/AmazonEKSClusterPolicy",
            "role": "eks-cluster-cloud"
          },
          "sensitive_attributes": [],
          "private": "bnVsbA==",
          "dependencies": [
            "aws_iam_role.example",
            "data.aws_iam_policy_document.assume_role"
          ]
        }
      ]
    },
    {
      "mode": "managed",
      "type": "aws_iam_role_policy_attachment",
      "name": "example-AmazonEKSWorkerNodePolicy",
      "provider": "provider[\"registry.terraform.io/hashicorp/aws\"]",
      "instances": [
        {
          "schema_version": 0,
          "attributes": {
            "id": "eks-node-group-cloud-20240530133020993200000002",
            "policy_arn": "arn:aws:iam::aws:policy/AmazonEKSWorkerNodePolicy",
            "role": "eks-node-group-cloud"
          },
          "sensitive_attributes": [],
          "private": "bnVsbA==",
          "dependencies": [
            "aws_iam_role.example1"
          ]
        }
      ]
    },
    {
      "mode": "managed",
      "type": "aws_iam_role_policy_attachment",
      "name": "example-AmazonEKS_CNI_Policy",
      "provider": "provider[\"registry.terraform.io/hashicorp/aws\"]",
      "instances": [
        {
          "schema_version": 0,
          "attributes": {
            "id": "eks-node-group-cloud-20240530133021372600000004",
            "policy_arn": "arn:aws:iam::aws:policy/AmazonEKS_CNI_Policy",
            "role": "eks-node-group-cloud"
          },
          "sensitive_attributes": [],
          "private": "bnVsbA==",
          "dependencies": [
            "aws_iam_role.example1"
          ]
        }
      ]
    }
  ],
  "check_results": null
}
